
Microsoft Visual Studio Solution File, Format Version 12.00
# Visual Studio Version 17
VisualStudioVersion = 17.11.35303.130
MinimumVisualStudioVersion = 10.0.40219.1
Project("{FAE04EC0-301F-11D3-BF4B-00C04F79EFBC}") = "SHEILLA", "SHEILLA.csproj", "{E4335E80-6A17-4D97-9096-8DEC97E00A33}"
EndProject
Global
	GlobalSection(SolutionConfigurationPlatforms) = preSolution
		Debug|Any CPU = Debug|Any CPU
		Release|Any CPU = Release|Any CPU
	EndGlobalSection
	GlobalSection(ProjectConfigurationPlatforms) = postSolution
		{E4335E80-6A17-4D97-9096-8DEC97E00A33}.Debug|Any CPU.ActiveCfg = Debug|Any CPU
		{E4335E80-6A17-4D97-9096-8DEC97E00A33}.Debug|Any CPU.Build.0 = Debug|Any CPU
		{E4335E80-6A17-4D97-9096-8DEC97E00A33}.Release|Any CPU.ActiveCfg = Release|Any CPU
		{E4335E80-6A17-4D97-9096-8DEC97E00A33}.Release|Any CPU.Build.0 = Release|Any CPU
	EndGlobalSection
	GlobalSection(SolutionProperties) = preSolution
		HideSolutionNode = FALSE
	EndGlobalSection
	GlobalSection(ExtensibilityGlobals) = postSolution
		SolutionGuid = {ACC2A11B-251B-4756-9574-060C37B655BD}
	EndGlobalSection
EndGlobal
